PODS:
  - Alamofire (4.8.2)
  - SDWebImage (5.14.2):
    - SDWebImage/Core (= 5.14.2)
  - SDWebImage/Core (5.14.2)

DEPENDENCIES:
  - Alamofire (~> 4.8.0)
  - SDWebImage

SPEC REPOS:
  trunk:
    - Alamofire
    - SDWebImage

SPEC CHECKSUMS:
  Alamofire: ae5c501addb7afdbb13687d7f2f722c78734c2d3
  SDWebImage: b9a731e1d6307f44ca703b3976d18c24ca561e84

PODFILE CHECKSUM: 5fae742e1c3704aa977e88634a7f41c070fd0a81

COCOAPODS: 1.11.3
